{
  "lockfile_version": "1",
  "packages": {
    "docker@latest": {
      "last_modified": "2026-05-06T12:40:13Z",
      "resolved": "github:NixOS/nixpkgs/07800bee2b362f6c73fe17cb1593a260c5e183c6#docker",
      "source": "devbox-search",
      "version": "29.4.2",
      "systems": {
        "aarch64-darwin": {
          "outputs": [
            {
              "name": "out",
              "path": "/nix/store/zyrjxrflxlsf76cd885plj1a6q7hxxjr-docker-29.4.2",
              "default": true
            }
          ],
          "store_path": "/nix/store/zyrjxrflxlsf76cd885plj1a6q7hxxjr-docker-29.4.2"
        },
        "aarch64-linux": {
          "outputs": [
            {
              "name": "out",
              "path": "/nix/store/cz6qj32ia66ryrzyrd6i08llm7spmpn9-docker-29.4.2",
              "default": true
            }
          ],
          "store_path": "/nix/store/cz6qj32ia66ryrzyrd6i08llm7spmpn9-docker-29.4.2"
        },
        "x86_64-darwin": {
          "outputs": [
            {
              "name": "out",
              "path": "/nix/store/rp55azlm0yc89v1k6pnalhf78jjmqsd1-docker-29.4.2",
              "default": true
            }
          ],
          "store_path": "/nix/store/rp55azlm0yc89v1k6pnalhf78jjmqsd1-docker-29.4.2"
        },
        "x86_64-linux": {
          "outputs": [
            {
              "name": "out",
              "path": "/nix/store/vgrhzpg5a77pdf708d3zvrz0w0wa1fs5-docker-29.4.2",
              "default": true
            }
          ],
          "store_path": "/nix/store/vgrhzpg5a77pdf708d3zvrz0w0wa1fs5-docker-29.4.2"
        }
      }
    },
    "swiftlint@latest": {
      "last_modified": "2026-04-23T13:07:47Z",
      "resolved": "github:NixOS/nixpkgs/01fbdeef22b76df85ea168fbfe1bfd9e63681b30#swiftlint",
      "source": "devbox-search",
      "version": "0.63.2",
      "systems": {
        "aarch64-darwin": {
          "outputs": [
            {
              "name": "out",
              "path": "/nix/store/zg83gg6i3nigpx1fjp3l84w1162qqilq-swiftlint-0.63.2",
              "default": true
            }
          ],
          "store_path": "/nix/store/zg83gg6i3nigpx1fjp3l84w1162qqilq-swiftlint-0.63.2"
        },
        "aarch64-linux": {
          "outputs": [
            {
              "name": "out",
              "path": "/nix/store/l3akba87mk8s8icas94j5ka8m45dl3bs-swiftlint-0.63.2",
              "default": true
            }
          ],
          "store_path": "/nix/store/l3akba87mk8s8icas94j5ka8m45dl3bs-swiftlint-0.63.2"
        },
        "x86_64-darwin": {
          "outputs": [
            {
              "name": "out",
              "path": "/nix/store/qpyj4g4y96rb03x1wx7in83hin81vd2x-swiftlint-0.63.2",
              "default": true
            }
          ],
          "store_path": "/nix/store/qpyj4g4y96rb03x1wx7in83hin81vd2x-swiftlint-0.63.2"
        },
        "x86_64-linux": {
          "outputs": [
            {
              "name": "out",
              "path": "/nix/store/7d93qzplxdh10r6jdfdi9sdhnnj6min9-swiftlint-0.63.2",
              "default": true
            }
          ],
          "store_path": "/nix/store/7d93qzplxdh10r6jdfdi9sdhnnj6min9-swiftlint-0.63.2"
        }
      }
    }
  }
}
